
Microsoft Visual Studio Solution File, Format Version 12.00
# Visual Studio Version 16
VisualStudioVersion = 16.0.31702.278
MinimumVisualStudioVersion = 10.0.40219.1
Project("{FAE04EC0-301F-11D3-BF4B-00C04F79EFBC}") = "Lecture 3", "Lecture 3\Lecture 3.csproj", "{D862703F-DB9B-4E54-BC80-57635864CFCC}"
EndProject
Global
	GlobalSection(SolutionConfigurationPlatforms) = preSolution
		Debug|Any CPU = Debug|Any CPU
		Release|Any CPU = Release|Any CPU
	EndGlobalSection
	GlobalSection(ProjectConfigurationPlatforms) = postSolution
		{D862703F-DB9B-4E54-BC80-57635864CFCC}.Debug|Any CPU.ActiveCfg = Debug|Any CPU
		{D862703F-DB9B-4E54-BC80-57635864CFCC}.Debug|Any CPU.Build.0 = Debug|Any CPU
		{D862703F-DB9B-4E54-BC80-57635864CFCC}.Release|Any CPU.ActiveCfg = Release|Any CPU
		{D862703F-DB9B-4E54-BC80-57635864CFCC}.Release|Any CPU.Build.0 = Release|Any CPU
	EndGlobalSection
	GlobalSection(SolutionProperties) = preSolution
		HideSolutionNode = FALSE
	EndGlobalSection
	GlobalSection(ExtensibilityGlobals) = postSolution
		SolutionGuid = {4DE06AA5-AB7A-43ED-97AB-554CC946B564}
	EndGlobalSection
EndGlobal
