
Microsoft Visual Studio Solution File, Format Version 12.00
# Visual Studio Version 16
VisualStudioVersion = 16.0.31702.278
MinimumVisualStudioVersion = 10.0.40219.1
Project("{FAE04EC0-301F-11D3-BF4B-00C04F79EFBC}") = "APiApp", "TierApp\APiApp.csproj", "{6D078689-11B9-4A4A-A2FB-5AF7FED12563}"
EndProject
Project("{FAE04EC0-301F-11D3-BF4B-00C04F79EFBC}") = "DAL", "DAL\DAL.csproj", "{377B84AE-3059-4F52-BF30-FF6E2984E095}"
EndProject
Project("{FAE04EC0-301F-11D3-BF4B-00C04F79EFBC}") = "BLL", "BLL\BLL.csproj", "{F969E52C-D4BF-4EBF-8AA2-51B46057A145}"
EndProject
Project("{FAE04EC0-301F-11D3-BF4B-00C04F79EFBC}") = "DApp", "DApp\DApp.csproj", "{BD591816-B95A-494E-AD4A-2E5788F04386}"
EndProject
Project("{FAE04EC0-301F-11D3-BF4B-00C04F79EFBC}") = "WebApp", "WebApp\WebApp.csproj", "{42139534-BE6E-4810-A47D-1DBBA53570A8}"
EndProject
Project("{FAE04EC0-301F-11D3-BF4B-00C04F79EFBC}") = "BEL", "BEL\BEL.csproj", "{D2E558F5-FCA0-484A-8768-FEE543BBD86F}"
EndProject
Global
	GlobalSection(SolutionConfigurationPlatforms) = preSolution
		Debug|Any CPU = Debug|Any CPU
		Release|Any CPU = Release|Any CPU
	EndGlobalSection
	GlobalSection(ProjectConfigurationPlatforms) = postSolution
		{6D078689-11B9-4A4A-A2FB-5AF7FED12563}.Debug|Any CPU.ActiveCfg = Debug|Any CPU
		{6D078689-11B9-4A4A-A2FB-5AF7FED12563}.Debug|Any CPU.Build.0 = Debug|Any CPU
		{6D078689-11B9-4A4A-A2FB-5AF7FED12563}.Release|Any CPU.ActiveCfg = Release|Any CPU
		{6D078689-11B9-4A4A-A2FB-5AF7FED12563}.Release|Any CPU.Build.0 = Release|Any CPU
		{377B84AE-3059-4F52-BF30-FF6E2984E095}.Debug|Any CPU.ActiveCfg = Debug|Any CPU
		{377B84AE-3059-4F52-BF30-FF6E2984E095}.Debug|Any CPU.Build.0 = Debug|Any CPU
		{377B84AE-3059-4F52-BF30-FF6E2984E095}.Release|Any CPU.ActiveCfg = Release|Any CPU
		{377B84AE-3059-4F52-BF30-FF6E2984E095}.Release|Any CPU.Build.0 = Release|Any CPU
		{F969E52C-D4BF-4EBF-8AA2-51B46057A145}.Debug|Any CPU.ActiveCfg = Debug|Any CPU
		{F969E52C-D4BF-4EBF-8AA2-51B46057A145}.Debug|Any CPU.Build.0 = Debug|Any CPU
		{F969E52C-D4BF-4EBF-8AA2-51B46057A145}.Release|Any CPU.ActiveCfg = Release|Any CPU
		{F969E52C-D4BF-4EBF-8AA2-51B46057A145}.Release|Any CPU.Build.0 = Release|Any CPU
		{BD591816-B95A-494E-AD4A-2E5788F04386}.Debug|Any CPU.ActiveCfg = Debug|Any CPU
		{BD591816-B95A-494E-AD4A-2E5788F04386}.Debug|Any CPU.Build.0 = Debug|Any CPU
		{BD591816-B95A-494E-AD4A-2E5788F04386}.Release|Any CPU.ActiveCfg = Release|Any CPU
		{BD591816-B95A-494E-AD4A-2E5788F04386}.Release|Any CPU.Build.0 = Release|Any CPU
		{42139534-BE6E-4810-A47D-1DBBA53570A8}.Debug|Any CPU.ActiveCfg = Debug|Any CPU
		{42139534-BE6E-4810-A47D-1DBBA53570A8}.Debug|Any CPU.Build.0 = Debug|Any CPU
		{42139534-BE6E-4810-A47D-1DBBA53570A8}.Release|Any CPU.ActiveCfg = Release|Any CPU
		{42139534-BE6E-4810-A47D-1DBBA53570A8}.Release|Any CPU.Build.0 = Release|Any CPU
		{D2E558F5-FCA0-484A-8768-FEE543BBD86F}.Debug|Any CPU.ActiveCfg = Debug|Any CPU
		{D2E558F5-FCA0-484A-8768-FEE543BBD86F}.Debug|Any CPU.Build.0 = Debug|Any CPU
		{D2E558F5-FCA0-484A-8768-FEE543BBD86F}.Release|Any CPU.ActiveCfg = Release|Any CPU
		{D2E558F5-FCA0-484A-8768-FEE543BBD86F}.Release|Any CPU.Build.0 = Release|Any CPU
	EndGlobalSection
	GlobalSection(SolutionProperties) = preSolution
		HideSolutionNode = FALSE
	EndGlobalSection
	GlobalSection(ExtensibilityGlobals) = postSolution
		SolutionGuid = {E79C4F36-FD70-4EC3-AF42-EEFE40BDEE97}
	EndGlobalSection
EndGlobal
